
Microsoft Visual Studio Solution File, Format Version 12.00
# Visual Studio Version 16
VisualStudioVersion = 16.0.808.10
MinimumVisualStudioVersion = 10.0.40219.1
Project("{FAE04EC0-301F-11D3-BF4B-00C04F79EFBC}") = "integrateDb", "integrateDb\integrateDb.csproj", "{D3F1D101-3201-4E63-973A-9842982E8C21}"
EndProject
Project("{FAE04EC0-301F-11D3-BF4B-00C04F79EFBC}") = "integrateDbTests", "integrateDbTests\integrateDbTests.csproj", "{6BF82D2A-BF0A-4FB3-99CC-7136BA86BFF7}"
EndProject
Project("{FAE04EC0-301F-11D3-BF4B-00C04F79EFBC}") = "integrateSqlDb", "integrateSqlDb\integrateSqlDb.csproj", "{22F090B2-9A2C-40C1-B393-13E0A23202DE}"
EndProject
Project("{FAE04EC0-301F-11D3-BF4B-00C04F79EFBC}") = "integrateSqlDbTests", "integrateSqlDbTests\integrateSqlDbTests.csproj", "{62D010B4-9C1C-4623-A26F-14C30F442E0B}"
EndProject
Project("{FAE04EC0-301F-11D3-BF4B-00C04F79EFBC}") = "integratePgDb", "integratePgDb\integratePgDb.csproj", "{CAF88264-871C-4041-8FE6-4BBAC569740C}"
EndProject
Project("{FAE04EC0-301F-11D3-BF4B-00C04F79EFBC}") = "integratePgDbTests", "integratePgDbTests\integratePgDbTests.csproj", "{4F54A2E7-62DB-44A1-B84E-53EE28D5DB08}"
EndProject
Project("{E53339B2-1760-4266-BCC7-CA923CBCF16C}") = "docker-compose", "docker-compose.dcproj", "{4A74BC9C-D510-4EFC-AC70-8CCE846ACC23}"
EndProject
Global
	GlobalSection(SolutionConfigurationPlatforms) = preSolution
		Debug|Any CPU = Debug|Any CPU
		Release|Any CPU = Release|Any CPU
	EndGlobalSection
	GlobalSection(ProjectConfigurationPlatforms) = postSolution
		{D3F1D101-3201-4E63-973A-9842982E8C21}.Debug|Any CPU.ActiveCfg = Debug|Any CPU
		{D3F1D101-3201-4E63-973A-9842982E8C21}.Debug|Any CPU.Build.0 = Debug|Any CPU
		{D3F1D101-3201-4E63-973A-9842982E8C21}.Release|Any CPU.ActiveCfg = Release|Any CPU
		{D3F1D101-3201-4E63-973A-9842982E8C21}.Release|Any CPU.Build.0 = Release|Any CPU
		{6BF82D2A-BF0A-4FB3-99CC-7136BA86BFF7}.Debug|Any CPU.ActiveCfg = Debug|Any CPU
		{6BF82D2A-BF0A-4FB3-99CC-7136BA86BFF7}.Debug|Any CPU.Build.0 = Debug|Any CPU
		{6BF82D2A-BF0A-4FB3-99CC-7136BA86BFF7}.Release|Any CPU.ActiveCfg = Release|Any CPU
		{6BF82D2A-BF0A-4FB3-99CC-7136BA86BFF7}.Release|Any CPU.Build.0 = Release|Any CPU
		{22F090B2-9A2C-40C1-B393-13E0A23202DE}.Debug|Any CPU.ActiveCfg = Debug|Any CPU
		{22F090B2-9A2C-40C1-B393-13E0A23202DE}.Debug|Any CPU.Build.0 = Debug|Any CPU
		{22F090B2-9A2C-40C1-B393-13E0A23202DE}.Release|Any CPU.ActiveCfg = Release|Any CPU
		{22F090B2-9A2C-40C1-B393-13E0A23202DE}.Release|Any CPU.Build.0 = Release|Any CPU
		{62D010B4-9C1C-4623-A26F-14C30F442E0B}.Debug|Any CPU.ActiveCfg = Debug|Any CPU
		{62D010B4-9C1C-4623-A26F-14C30F442E0B}.Debug|Any CPU.Build.0 = Debug|Any CPU
		{62D010B4-9C1C-4623-A26F-14C30F442E0B}.Release|Any CPU.ActiveCfg = Release|Any CPU
		{62D010B4-9C1C-4623-A26F-14C30F442E0B}.Release|Any CPU.Build.0 = Release|Any CPU
		{CAF88264-871C-4041-8FE6-4BBAC569740C}.Debug|Any CPU.ActiveCfg = Debug|Any CPU
		{CAF88264-871C-4041-8FE6-4BBAC569740C}.Debug|Any CPU.Build.0 = Debug|Any CPU
		{CAF88264-871C-4041-8FE6-4BBAC569740C}.Release|Any CPU.ActiveCfg = Release|Any CPU
		{CAF88264-871C-4041-8FE6-4BBAC569740C}.Release|Any CPU.Build.0 = Release|Any CPU
		{4F54A2E7-62DB-44A1-B84E-53EE28D5DB08}.Debug|Any CPU.ActiveCfg = Debug|Any CPU
		{4F54A2E7-62DB-44A1-B84E-53EE28D5DB08}.Debug|Any CPU.Build.0 = Debug|Any CPU
		{4F54A2E7-62DB-44A1-B84E-53EE28D5DB08}.Release|Any CPU.ActiveCfg = Release|Any CPU
		{4F54A2E7-62DB-44A1-B84E-53EE28D5DB08}.Release|Any CPU.Build.0 = Release|Any CPU
		{4A74BC9C-D510-4EFC-AC70-8CCE846ACC23}.Debug|Any CPU.ActiveCfg = Debug|Any CPU
		{4A74BC9C-D510-4EFC-AC70-8CCE846ACC23}.Debug|Any CPU.Build.0 = Debug|Any CPU
		{4A74BC9C-D510-4EFC-AC70-8CCE846ACC23}.Release|Any CPU.ActiveCfg = Release|Any CPU
		{4A74BC9C-D510-4EFC-AC70-8CCE846ACC23}.Release|Any CPU.Build.0 = Release|Any CPU
	EndGlobalSection
	GlobalSection(SolutionProperties) = preSolution
		HideSolutionNode = FALSE
	EndGlobalSection
	GlobalSection(ExtensibilityGlobals) = postSolution
		SolutionGuid = {05035C92-2745-4D1E-9097-0F58D38BC9A7}
	EndGlobalSection
EndGlobal
